Microsoft Visual Studio Solution File, Format Version 12.00
# Visual Studio 15
Project("{8BC9CEB8-8B4A-11D0-8D11-00A0C91BC942}") = "ALL_BUILD", "ALL_BUILD.vcxproj", "{B61EF5AC-8C12-300E-854D-97AB7437EB93}"
	ProjectSection(ProjectDependencies) = postProject
		{7B3F4428-1CFE-4CCF-B1CB-DEFA5F86D6FB} = {7B3F4428-1CFE-4CCF-B1CB-DEFA5F86D6FB}
		{512CCA78-56D8-4D5F-8114-747BA105B207} = {512CCA78-56D8-4D5F-8114-747BA105B207}
		{7B3F4428-1CFE-4CCF-B1CB-DEFA5F86D6FC} = {7B3F4428-1CFE-4CCF-B1CB-DEFA5F86D6FC}
		{A71D03E5-487A-3C60-A1E9-01DC1586FBF3} = {A71D03E5-487A-3C60-A1E9-01DC1586FBF3}
	EndProjectSection
EndProject
Project("{FAE04EC0-301F-11D3-BF4B-00C04F79EFBC}") = "CryEngine.Core", "Z:\CE Projects\Discharged World\Code\CryManaged\CESharp\Core\Core.csproj", "{7B3F4428-1CFE-4CCF-B1CB-DEFA5F86D6FB}"
	ProjectSection(ProjectDependencies) = postProject
		{A71D03E5-487A-3C60-A1E9-01DC1586FBF3} = {A71D03E5-487A-3C60-A1E9-01DC1586FBF3}
	EndProjectSection
EndProject
Project("{FAE04EC0-301F-11D3-BF4B-00C04F79EFBC}") = "CryEngine.Core.Tests", "Z:\CE Projects\Discharged World\Code\CryManaged\CESharp\Core.Tests\Core.Tests.csproj", "{512CCA78-56D8-4D5F-8114-747BA105B207}"
	ProjectSection(ProjectDependencies) = postProject
		{7B3F4428-1CFE-4CCF-B1CB-DEFA5F86D6FB} = {7B3F4428-1CFE-4CCF-B1CB-DEFA5F86D6FB}
		{A71D03E5-487A-3C60-A1E9-01DC1586FBF3} = {A71D03E5-487A-3C60-A1E9-01DC1586FBF3}
	EndProjectSection
EndProject
Project("{FAE04EC0-301F-11D3-BF4B-00C04F79EFBC}") = "CryEngine.Core.UI", "Z:\CE Projects\Discharged World\Code\CryManaged\CESharp\Core.UI\Core.UI.csproj", "{7B3F4428-1CFE-4CCF-B1CB-DEFA5F86D6FC}"
	ProjectSection(ProjectDependencies) = postProject
		{7B3F4428-1CFE-4CCF-B1CB-DEFA5F86D6FB} = {7B3F4428-1CFE-4CCF-B1CB-DEFA5F86D6FB}
		{A71D03E5-487A-3C60-A1E9-01DC1586FBF3} = {A71D03E5-487A-3C60-A1E9-01DC1586FBF3}
	EndProjectSection
EndProject
Project("{8BC9CEB8-8B4A-11D0-8D11-00A0C91BC942}") = "ZERO_CHECK", "ZERO_CHECK.vcxproj", "{A71D03E5-487A-3C60-A1E9-01DC1586FBF3}"
	ProjectSection(ProjectDependencies) = postProject
	EndProjectSection
EndProject
Global
	GlobalSection(SolutionConfigurationPlatforms) = preSolution
		Debug|x64 = Debug|x64
		Release|x64 = Release|x64
		MinSizeRel|x64 = MinSizeRel|x64
		RelWithDebInfo|x64 = RelWithDebInfo|x64
	EndGlobalSection
	GlobalSection(ProjectConfigurationPlatforms) = postSolution
		{B61EF5AC-8C12-300E-854D-97AB7437EB93}.Debug|x64.ActiveCfg = Debug|x64
		{B61EF5AC-8C12-300E-854D-97AB7437EB93}.Release|x64.ActiveCfg = Release|x64
		{B61EF5AC-8C12-300E-854D-97AB7437EB93}.MinSizeRel|x64.ActiveCfg = MinSizeRel|x64
		{B61EF5AC-8C12-300E-854D-97AB7437EB93}.RelWithDebInfo|x64.ActiveCfg = RelWithDebInfo|x64
		{7B3F4428-1CFE-4CCF-B1CB-DEFA5F86D6FB}.Debug|x64.ActiveCfg = Debug|x64
		{7B3F4428-1CFE-4CCF-B1CB-DEFA5F86D6FB}.Debug|x64.Build.0 = Debug|x64
		{7B3F4428-1CFE-4CCF-B1CB-DEFA5F86D6FB}.Release|x64.ActiveCfg = Release|x64
		{7B3F4428-1CFE-4CCF-B1CB-DEFA5F86D6FB}.Release|x64.Build.0 = Release|x64
		{7B3F4428-1CFE-4CCF-B1CB-DEFA5F86D6FB}.MinSizeRel|x64.ActiveCfg = MinSizeRel|x64
		{7B3F4428-1CFE-4CCF-B1CB-DEFA5F86D6FB}.MinSizeRel|x64.Build.0 = MinSizeRel|x64
		{7B3F4428-1CFE-4CCF-B1CB-DEFA5F86D6FB}.RelWithDebInfo|x64.ActiveCfg = RelWithDebInfo|x64
		{7B3F4428-1CFE-4CCF-B1CB-DEFA5F86D6FB}.RelWithDebInfo|x64.Build.0 = RelWithDebInfo|x64
		{512CCA78-56D8-4D5F-8114-747BA105B207}.Debug|x64.ActiveCfg = Debug|x64
		{512CCA78-56D8-4D5F-8114-747BA105B207}.Debug|x64.Build.0 = Debug|x64
		{512CCA78-56D8-4D5F-8114-747BA105B207}.Release|x64.ActiveCfg = Release|x64
		{512CCA78-56D8-4D5F-8114-747BA105B207}.Release|x64.Build.0 = Release|x64
		{512CCA78-56D8-4D5F-8114-747BA105B207}.MinSizeRel|x64.ActiveCfg = MinSizeRel|x64
		{512CCA78-56D8-4D5F-8114-747BA105B207}.MinSizeRel|x64.Build.0 = MinSizeRel|x64
		{512CCA78-56D8-4D5F-8114-747BA105B207}.RelWithDebInfo|x64.ActiveCfg = RelWithDebInfo|x64
		{512CCA78-56D8-4D5F-8114-747BA105B207}.RelWithDebInfo|x64.Build.0 = RelWithDebInfo|x64
		{7B3F4428-1CFE-4CCF-B1CB-DEFA5F86D6FC}.Debug|x64.ActiveCfg = Debug|x64
		{7B3F4428-1CFE-4CCF-B1CB-DEFA5F86D6FC}.Debug|x64.Build.0 = Debug|x64
		{7B3F4428-1CFE-4CCF-B1CB-DEFA5F86D6FC}.Release|x64.ActiveCfg = Release|x64
		{7B3F4428-1CFE-4CCF-B1CB-DEFA5F86D6FC}.Release|x64.Build.0 = Release|x64
		{7B3F4428-1CFE-4CCF-B1CB-DEFA5F86D6FC}.MinSizeRel|x64.ActiveCfg = MinSizeRel|x64
		{7B3F4428-1CFE-4CCF-B1CB-DEFA5F86D6FC}.MinSizeRel|x64.Build.0 = MinSizeRel|x64
		{7B3F4428-1CFE-4CCF-B1CB-DEFA5F86D6FC}.RelWithDebInfo|x64.ActiveCfg = RelWithDebInfo|x64
		{7B3F4428-1CFE-4CCF-B1CB-DEFA5F86D6FC}.RelWithDebInfo|x64.Build.0 = RelWithDebInfo|x64
		{A71D03E5-487A-3C60-A1E9-01DC1586FBF3}.Debug|x64.ActiveCfg = Debug|x64
		{A71D03E5-487A-3C60-A1E9-01DC1586FBF3}.Debug|x64.Build.0 = Debug|x64
		{A71D03E5-487A-3C60-A1E9-01DC1586FBF3}.Release|x64.ActiveCfg = Release|x64
		{A71D03E5-487A-3C60-A1E9-01DC1586FBF3}.Release|x64.Build.0 = Release|x64
		{A71D03E5-487A-3C60-A1E9-01DC1586FBF3}.MinSizeRel|x64.ActiveCfg = MinSizeRel|x64
		{A71D03E5-487A-3C60-A1E9-01DC1586FBF3}.MinSizeRel|x64.Build.0 = MinSizeRel|x64
		{A71D03E5-487A-3C60-A1E9-01DC1586FBF3}.RelWithDebInfo|x64.ActiveCfg = RelWithDebInfo|x64
		{A71D03E5-487A-3C60-A1E9-01DC1586FBF3}.RelWithDebInfo|x64.Build.0 = RelWithDebInfo|x64
	EndGlobalSection
	GlobalSection(ExtensibilityGlobals) = postSolution
		SolutionGuid = {73DBA914-8754-3AD5-B4D5-D328B6614CAD}
	EndGlobalSection
	GlobalSection(ExtensibilityAddIns) = postSolution
	EndGlobalSection
EndGlobal
