<?xml version="1.0" encoding="UTF-8"?>
<Project ToolsVersion="15.0" xmlns="http://schemas.microsoft.com/developer/msbuild/2003">
  <ItemGroup>
    <CustomBuild Include="Z:\CE Projects\Discharged World\CMakeFiles\18ed80d784e4b359d4ca43226d7dfd01\generate.stamp.rule">
      <Filter>CMake Rules</Filter>
    </CustomBuild>
  </ItemGroup>
  <ItemGroup>
    <Filter Include="CMake Rules">
      <UniqueIdentifier>{889F7FA6-E9D6-34CC-BDF5-6ED908BB401B}</UniqueIdentifier>
    </Filter>
  </ItemGroup>
</Project>
